
Microsoft Visual Studio Solution File, Format Version 12.00
# Visual Studio Version 16
VisualStudioVersion = 16.0.31829.152
MinimumVisualStudioVersion = 10.0.40219.1
Project("{9A19103F-16F7-4668-BE54-9A1E7A4F7556}") = "WorldOfTanks", "WorldOfTanks\WorldOfTanks.csproj", "{0D5C16A7-E81D-4BDB-901C-6746045149DC}"
EndProject
Global
	GlobalSection(SolutionConfigurationPlatforms) = preSolution
		Debug|Any CPU = Debug|Any CPU
		Release|Any CPU = Release|Any CPU
	EndGlobalSection
	GlobalSection(ProjectConfigurationPlatforms) = postSolution
		{0D5C16A7-E81D-4BDB-901C-6746045149DC}.Debug|Any CPU.ActiveCfg = Debug|Any CPU
		{0D5C16A7-E81D-4BDB-901C-6746045149DC}.Debug|Any CPU.Build.0 = Debug|Any CPU
		{0D5C16A7-E81D-4BDB-901C-6746045149DC}.Release|Any CPU.ActiveCfg = Release|Any CPU
		{0D5C16A7-E81D-4BDB-901C-6746045149DC}.Release|Any CPU.Build.0 = Release|Any CPU
	EndGlobalSection
	GlobalSection(SolutionProperties) = preSolution
		HideSolutionNode = FALSE
	EndGlobalSection
	GlobalSection(ExtensibilityGlobals) = postSolution
		SolutionGuid = {F2ED11FD-A738-44F0-972C-880D5110687E}
	EndGlobalSection
EndGlobal
